
Microsoft Visual Studio Solution File, Format Version 12.00
# Visual Studio Version 17
VisualStudioVersion = 17.5.33424.131
MinimumVisualStudioVersion = 10.0.40219.1
Project("{FAE04EC0-301F-11D3-BF4B-00C04F79EFBC}") = "DemoConfiguration.Console", "DemoConfiguration.Console\DemoConfiguration.Console.csproj", "{8AF6DD6B-37C5-4891-8CBF-71D2AC34BF76}"
EndProject
Global
	GlobalSection(SolutionConfigurationPlatforms) = preSolution
		Debug|Any CPU = Debug|Any CPU
		Release|Any CPU = Release|Any CPU
	EndGlobalSection
	GlobalSection(ProjectConfigurationPlatforms) = postSolution
		{8AF6DD6B-37C5-4891-8CBF-71D2AC34BF76}.Debug|Any CPU.ActiveCfg = Debug|Any CPU
		{8AF6DD6B-37C5-4891-8CBF-71D2AC34BF76}.Debug|Any CPU.Build.0 = Debug|Any CPU
		{8AF6DD6B-37C5-4891-8CBF-71D2AC34BF76}.Release|Any CPU.ActiveCfg = Release|Any CPU
		{8AF6DD6B-37C5-4891-8CBF-71D2AC34BF76}.Release|Any CPU.Build.0 = Release|Any CPU
	EndGlobalSection
	GlobalSection(SolutionProperties) = preSolution
		HideSolutionNode = FALSE
	EndGlobalSection
	GlobalSection(ExtensibilityGlobals) = postSolution
		SolutionGuid = {EB2CF413-85CF-46E5-B4B0-CCA0F9A4DA73}
	EndGlobalSection
EndGlobal
